
Microsoft Visual Studio Solution File, Format Version 12.00
# Visual Studio Version 16
VisualStudioVersion = 16.0.29920.165
MinimumVisualStudioVersion = 10.0.40219.1
Project("{FAE04EC0-301F-11D3-BF4B-00C04F79EFBC}") = "Object_Classes_Homework_1", "Object_Classes_Homework_1\Object_Classes_Homework_1.csproj", "{F95DA1CD-8B08-4872-B016-7D3849D96A65}"
EndProject
Global
	GlobalSection(SolutionConfigurationPlatforms) = preSolution
		Debug|Any CPU = Debug|Any CPU
		Release|Any CPU = Release|Any CPU
	EndGlobalSection
	GlobalSection(ProjectConfigurationPlatforms) = postSolution
		{F95DA1CD-8B08-4872-B016-7D3849D96A65}.Debug|Any CPU.ActiveCfg = Debug|Any CPU
		{F95DA1CD-8B08-4872-B016-7D3849D96A65}.Debug|Any CPU.Build.0 = Debug|Any CPU
		{F95DA1CD-8B08-4872-B016-7D3849D96A65}.Release|Any CPU.ActiveCfg = Release|Any CPU
		{F95DA1CD-8B08-4872-B016-7D3849D96A65}.Release|Any CPU.Build.0 = Release|Any CPU
	EndGlobalSection
	GlobalSection(SolutionProperties) = preSolution
		HideSolutionNode = FALSE
	EndGlobalSection
	GlobalSection(ExtensibilityGlobals) = postSolution
		SolutionGuid = {FF1223A6-1335-4D06-99A0-8F83588B3A73}
	EndGlobalSection
EndGlobal
